// !$*UTF8*$!
{
	archiveVersion = 1;
	classes = {
	};
	objectVersion = 46;
	objects = {

/* Begin PBXBuildFile section */
		7E6FDD7E1BC79EA000E5B2A8 /* PacketTunnelProvider.m in Sources */ = {isa = PBXBuildFile; fileRef = 7E6FDD7D1BC79EA000E5B2A8 /* PacketTunnelProvider.m */; };
		7E6FDD821BC79EA000E5B2A8 /* Tunnel.appex in Embed App Extensions */ = {isa = PBXBuildFile; fileRef = 7E6FDD781BC79EA000E5B2A8 /* Tunnel.appex */; settings = {ATTRIBUTES = (RemoveHeadersOnCopy, ); }; };
		7E9621841BC76A1E0093C586 /* NetworkExtension.framework in Frameworks */ = {isa = PBXBuildFile; fileRef = 7E9621831BC76A1E0093C586 /* NetworkExtension.framework */; };
		7EBD8C891BC64DA0008F9B19 /* main.m in Sources */ = {isa = PBXBuildFile; fileRef = 7EBD8C881BC64DA0008F9B19 /* main.m */; };
		7EBD8C8C1BC64DA0008F9B19 /* AppDelegate.m in Sources */ = {isa = PBXBuildFile; fileRef = 7EBD8C8B1BC64DA0008F9B19 /* AppDelegate.m */; };
		7EBD8C8F1BC64DA0008F9B19 /* ViewController.m in Sources */ = {isa = PBXBuildFile; fileRef = 7EBD8C8E1BC64DA0008F9B19 /* ViewController.m */; };
		7EBD8C921BC64DA0008F9B19 /* Main.storyboard in Resources */ = {isa = PBXBuildFile; fileRef = 7EBD8C901BC64DA0008F9B19 /* Main.storyboard */; };
		7EBD8C941BC64DA0008F9B19 /* Assets.xcassets in Resources */ = {isa = PBXBuildFile; fileRef = 7EBD8C931BC64DA0008F9B19 /* Assets.xcassets */; };
		7EBD8C971BC64DA0008F9B19 /* LaunchScreen.storyboard in Resources */ = {isa = PBXBuildFile; fileRef = 7EBD8C951BC64DA0008F9B19 /* LaunchScreen.storyboard */; };
		7EBD8CA21BC64DA0008F9B19 /* ExperimentVPNTests.m in Sources */ = {isa = PBXBuildFile; fileRef = 7EBD8CA11BC64DA0008F9B19 /* ExperimentVPNTests.m */; };
		7EBD8CAD1BC64DA0008F9B19 /* ExperimentVPNUITests.m in Sources */ = {isa = PBXBuildFile; fileRef = 7EBD8CAC1BC64DA0008F9B19 /* ExperimentVPNUITests.m */; };
		7EBD8CDC1BC6CDD1008F9B19 /* AddEditConfiguration.m in Sources */ = {isa = PBXBuildFile; fileRef = 7EBD8CDB1BC6CDD1008F9B19 /* AddEditConfiguration.m */; settings = {ASSET_TAGS = (); }; };
		7EBD8CE41BC6CFFB008F9B19 /* GMKeyChain.m in Sources */ = {isa = PBXBuildFile; fileRef = 7EBD8CE31BC6CFFB008F9B19 /* GMKeyChain.m */; settings = {ASSET_TAGS = (); }; };
/* End PBXBuildFile section */

/* Begin PBXContainerItemProxy section */
		7E6FDD801BC79EA000E5B2A8 /* PBXContainerItemProxy */ = {
			isa = PBXContainerItemProxy;
			containerPortal = 7EBD8C7C1BC64DA0008F9B19 /* Project object */;
			proxyType = 1;
			remoteGlobalIDString = 7E6FDD771BC79EA000E5B2A8;
			remoteInfo = Tunnel;
		};
		7EBD8C9E1BC64DA0008F9B19 /* PBXContainerItemProxy */ = {
			isa = PBXContainerItemProxy;
			containerPortal = 7EBD8C7C1BC64DA0008F9B19 /* Project object */;
			proxyType = 1;
			remoteGlobalIDString = 7EBD8C831BC64DA0008F9B19;
			remoteInfo = ExperimentVPN;
		};
		7EBD8CA91BC64DA0008F9B19 /* PBXContainerItemProxy */ = {
			isa = PBXContainerItemProxy;
			containerPortal = 7EBD8C7C1BC64DA0008F9B19 /* Project object */;
			proxyType = 1;
			remoteGlobalIDString = 7EBD8C831BC64DA0008F9B19;
			remoteInfo = ExperimentVPN;
		};
/* End PBXContainerItemProxy section */

/* Begin PBXCopyFilesBuildPhase section */
		7E6FDD861BC79EA000E5B2A8 /* Embed App Extensions */ = {
			isa = PBXCopyFilesBuildPhase;
			buildActionMask = 2147483647;
			dstPath = "";
			dstSubfolderSpec = 13;
			files = (
				7E6FDD821BC79EA000E5B2A8 /* Tunnel.appex in Embed App Extensions */,
			);
			name = "Embed App Extensions";
			runOnlyForDeploymentPostprocessing = 0;
		};
/* End PBXCopyFilesBuildPhase section */

/* Begin PBXFileReference section */
		7E6FDD781BC79EA000E5B2A8 /* Tunnel.appex */ = {isa = PBXFileReference; explicitFileType = "wrapper.app-extension"; includeInIndex = 0; path = Tunnel.appex; sourceTree = BUILT_PRODUCTS_DIR; };
		7E6FDD7B1BC79EA000E5B2A8 /* Tunnel.entitlements */ = {isa = PBXFileReference; lastKnownFileType = text.xml; path = Tunnel.entitlements; sourceTree = "<group>"; };
		7E6FDD7C1BC79EA000E5B2A8 /* PacketTunnelProvider.h */ = {isa = PBXFileReference; lastKnownFileType = sourcecode.c.h; path = PacketTunnelProvider.h; sourceTree = "<group>"; };
		7E6FDD7D1BC79EA000E5B2A8 /* PacketTunnelProvider.m */ = {isa = PBXFileReference; lastKnownFileType = sourcecode.c.objc; path = PacketTunnelProvider.m; sourceTree = "<group>"; };
		7E6FDD7F1BC79EA000E5B2A8 /* Info.plist */ = {isa = PBXFileReference; lastKnownFileType = text.plist.xml; path = Info.plist; sourceTree = "<group>"; };
		7E9621831BC76A1E0093C586 /* NetworkExtension.framework */ = {isa = PBXFileReference; lastKnownFileType = wrapper.framework; name = NetworkExtension.framework; path = System/Library/Frameworks/NetworkExtension.framework; sourceTree = SDKROOT; };
		7EBD8C841BC64DA0008F9B19 /* ExperimentVPN.app */ = {isa = PBXFileReference; explicitFileType = wrapper.application; includeInIndex = 0; path = ExperimentVPN.app; sourceTree = BUILT_PRODUCTS_DIR; };
		7EBD8C881BC64DA0008F9B19 /* main.m */ = {isa = PBXFileReference; lastKnownFileType = sourcecode.c.objc; path = main.m; sourceTree = "<group>"; };
		7EBD8C8A1BC64DA0008F9B19 /* AppDelegate.h */ = {isa = PBXFileReference; lastKnownFileType = sourcecode.c.h; path = AppDelegate.h; sourceTree = "<group>"; };
		7EBD8C8B1BC64DA0008F9B19 /* AppDelegate.m */ = {isa = PBXFileReference; lastKnownFileType = sourcecode.c.objc; path = AppDelegate.m; sourceTree = "<group>"; };
		7EBD8C8D1BC64DA0008F9B19 /* ViewController.h */ = {isa = PBXFileReference; lastKnownFileType = sourcecode.c.h; name = ViewController.h; path = ../ViewController.h; sourceTree = "<group>"; };
		7EBD8C8E1BC64DA0008F9B19 /* ViewController.m */ = {isa = PBXFileReference; lastKnownFileType = sourcecode.c.objc; name = ViewController.m; path = ../ViewController.m; sourceTree = "<group>"; };
		7EBD8C911BC64DA0008F9B19 /* Base */ = {isa = PBXFileReference; lastKnownFileType = file.storyboard; name = Base; path = Base.lproj/Main.storyboard; sourceTree = "<group>"; };
		7EBD8C931BC64DA0008F9B19 /* Assets.xcassets */ = {isa = PBXFileReference; lastKnownFileType = folder.assetcatalog; path = Assets.xcassets; sourceTree = "<group>"; };
		7EBD8C961BC64DA0008F9B19 /* Base */ = {isa = PBXFileReference; lastKnownFileType = file.storyboard; name = Base; path = Base.lproj/LaunchScreen.storyboard; sourceTree = "<group>"; };
		7EBD8C981BC64DA0008F9B19 /* Info.plist */ = {isa = PBXFileReference; lastKnownFileType = text.plist.xml; path = Info.plist; sourceTree = "<group>"; };
		7EBD8C9D1BC64DA0008F9B19 /* ExperimentVPNTests.xctest */ = {isa = PBXFileReference; explicitFileType = wrapper.cfbundle; includeInIndex = 0; path = ExperimentVPNTests.xctest; sourceTree = BUILT_PRODUCTS_DIR; };
		7EBD8CA11BC64DA0008F9B19 /* ExperimentVPNTests.m */ = {isa = PBXFileReference; lastKnownFileType = sourcecode.c.objc; path = ExperimentVPNTests.m; sourceTree = "<group>"; };
		7EBD8CA31BC64DA0008F9B19 /* Info.plist */ = {isa = PBXFileReference; lastKnownFileType = text.plist.xml; path = Info.plist; sourceTree = "<group>"; };
		7EBD8CA81BC64DA0008F9B19 /* ExperimentVPNUITests.xctest */ = {isa = PBXFileReference; explicitFileType = wrapper.cfbundle; includeInIndex = 0; path = ExperimentVPNUITests.xctest; sourceTree = BUILT_PRODUCTS_DIR; };
		7EBD8CAC1BC64DA0008F9B19 /* ExperimentVPNUITests.m */ = {isa = PBXFileReference; lastKnownFileType = sourcecode.c.objc; path = ExperimentVPNUITests.m; sourceTree = "<group>"; };
		7EBD8CAE1BC64DA0008F9B19 /* Info.plist */ = {isa = PBXFileReference; lastKnownFileType = text.plist.xml; path = Info.plist; sourceTree = "<group>"; };
		7EBD8CD81BC66C81008F9B19 /* ExperimentVPN.entitlements */ = {isa = PBXFileReference; lastKnownFileType = text.xml; path = ExperimentVPN.entitlements; sourceTree = "<group>"; };
		7EBD8CDA1BC6CDD1008F9B19 /* AddEditConfiguration.h */ = {isa = PBXFileReference; fileEncoding = 4; lastKnownFileType = sourcecode.c.h; path = AddEditConfiguration.h; sourceTree = "<group>"; };
		7EBD8CDB1BC6CDD1008F9B19 /* AddEditConfiguration.m */ = {isa = PBXFileReference; fileEncoding = 4; lastKnownFileType = sourcecode.c.objc; path = AddEditConfiguration.m; sourceTree = "<group>"; };
		7EBD8CDE1BC6CF25008F9B19 /* GMConstants.h */ = {isa = PBXFileReference; fileEncoding = 4; lastKnownFileType = sourcecode.c.h; path = GMConstants.h; sourceTree = "<group>"; };
		7EBD8CE21BC6CFFB008F9B19 /* GMKeyChain.h */ = {isa = PBXFileReference; fileEncoding = 4; lastKnownFileType = sourcecode.c.h; path = GMKeyChain.h; sourceTree = "<group>"; };
		7EBD8CE31BC6CFFB008F9B19 /* GMKeyChain.m */ = {isa = PBXFileReference; fileEncoding = 4; lastKnownFileType = sourcecode.c.objc; path = GMKeyChain.m; sourceTree = "<group>"; };
/* End PBXFileReference section */

/* Begin PBXFrameworksBuildPhase section */
		7E6FDD751BC79EA000E5B2A8 /* Frameworks */ = {
			isa = PBXFrameworksBuildPhase;
			buildActionMask = 2147483647;
			files = (
			);
			runOnlyForDeploymentPostprocessing = 0;
		};
		7EBD8C811BC64DA0008F9B19 /* Frameworks */ = {
			isa = PBXFrameworksBuildPhase;
			buildActionMask = 2147483647;
			files = (
				7E9621841BC76A1E0093C586 /* NetworkExtension.framework in Frameworks */,
			);
			runOnlyForDeploymentPostprocessing = 0;
		};
		7EBD8C9A1BC64DA0008F9B19 /* Frameworks */ = {
			isa = PBXFrameworksBuildPhase;
			buildActionMask = 2147483647;
			files = (
			);
			runOnlyForDeploymentPostprocessing = 0;
		};
		7EBD8CA51BC64DA0008F9B19 /* Frameworks */ = {
			isa = PBXFrameworksBuildPhase;
			buildActionMask = 2147483647;
			files = (
			);
			runOnlyForDeploymentPostprocessing = 0;
		};
/* End PBXFrameworksBuildPhase section */

/* Begin PBXGroup section */
		7E6FDD791BC79EA000E5B2A8 /* Tunnel */ = {
			isa = PBXGroup;
			children = (
				7E6FDD7C1BC79EA000E5B2A8 /* PacketTunnelProvider.h */,
				7E6FDD7D1BC79EA000E5B2A8 /* PacketTunnelProvider.m */,
				7E6FDD7A1BC79EA000E5B2A8 /* Supporting Files */,
			);
			path = Tunnel;
			sourceTree = "<group>";
		};
		7E6FDD7A1BC79EA000E5B2A8 /* Supporting Files */ = {
			isa = PBXGroup;
			children = (
				7E6FDD7F1BC79EA000E5B2A8 /* Info.plist */,
				7E6FDD7B1BC79EA000E5B2A8 /* Tunnel.entitlements */,
			);
			name = "Supporting Files";
			sourceTree = "<group>";
		};
		7EBD8C7B1BC64DA0008F9B19 = {
			isa = PBXGroup;
			children = (
				7EBD8C861BC64DA0008F9B19 /* ExperimentVPN */,
				7E6FDD791BC79EA000E5B2A8 /* Tunnel */,
				7EBD8CA01BC64DA0008F9B19 /* ExperimentVPNTests */,
				7EBD8CAB1BC64DA0008F9B19 /* ExperimentVPNUITests */,
				7EBD8C851BC64DA0008F9B19 /* Products */,
				7EBD8CD91BC66EC9008F9B19 /* Frameworks */,
			);
			sourceTree = "<group>";
		};
		7EBD8C851BC64DA0008F9B19 /* Products */ = {
			isa = PBXGroup;
			children = (
				7EBD8C841BC64DA0008F9B19 /* ExperimentVPN.app */,
				7EBD8C9D1BC64DA0008F9B19 /* ExperimentVPNTests.xctest */,
				7EBD8CA81BC64DA0008F9B19 /* ExperimentVPNUITests.xctest */,
				7E6FDD781BC79EA000E5B2A8 /* Tunnel.appex */,
			);
			name = Products;
			sourceTree = "<group>";
		};
		7EBD8C861BC64DA0008F9B19 /* ExperimentVPN */ = {
			isa = PBXGroup;
			children = (
				7EBD8C871BC64DA0008F9B19 /* Supporting Files */,
				7EBD8CE11BC6CFE0008F9B19 /* Uitl */,
				7EBD8CC01BC64FCB008F9B19 /* Controller */,
				7EBD8CBF1BC64FA8008F9B19 /* UI */,
				7EBD8C931BC64DA0008F9B19 /* Assets.xcassets */,
				7EBD8C8A1BC64DA0008F9B19 /* AppDelegate.h */,
				7EBD8C8B1BC64DA0008F9B19 /* AppDelegate.m */,
				7EBD8CDA1BC6CDD1008F9B19 /* AddEditConfiguration.h */,
				7EBD8CDB1BC6CDD1008F9B19 /* AddEditConfiguration.m */,
				7EBD8CDE1BC6CF25008F9B19 /* GMConstants.h */,
			);
			path = ExperimentVPN;
			sourceTree = "<group>";
		};
		7EBD8C871BC64DA0008F9B19 /* Supporting Files */ = {
			isa = PBXGroup;
			children = (
				7EBD8C981BC64DA0008F9B19 /* Info.plist */,
				7EBD8CD81BC66C81008F9B19 /* ExperimentVPN.entitlements */,
				7EBD8C881BC64DA0008F9B19 /* main.m */,
			);
			name = "Supporting Files";
			sourceTree = "<group>";
		};
		7EBD8CA01BC64DA0008F9B19 /* ExperimentVPNTests */ = {
			isa = PBXGroup;
			children = (
				7EBD8CA11BC64DA0008F9B19 /* ExperimentVPNTests.m */,
				7EBD8CA31BC64DA0008F9B19 /* Info.plist */,
			);
			path = ExperimentVPNTests;
			sourceTree = "<group>";
		};
		7EBD8CAB1BC64DA0008F9B19 /* ExperimentVPNUITests */ = {
			isa = PBXGroup;
			children = (
				7EBD8CAC1BC64DA0008F9B19 /* ExperimentVPNUITests.m */,
				7EBD8CAE1BC64DA0008F9B19 /* Info.plist */,
			);
			path = ExperimentVPNUITests;
			sourceTree = "<group>";
		};
		7EBD8CBF1BC64FA8008F9B19 /* UI */ = {
			isa = PBXGroup;
			children = (
				7EBD8C951BC64DA0008F9B19 /* LaunchScreen.storyboard */,
				7EBD8C901BC64DA0008F9B19 /* Main.storyboard */,
			);
			path = UI;
			sourceTree = "<group>";
		};
		7EBD8CC01BC64FCB008F9B19 /* Controller */ = {
			isa = PBXGroup;
			children = (
				7EBD8C8D1BC64DA0008F9B19 /* ViewController.h */,
				7EBD8C8E1BC64DA0008F9B19 /* ViewController.m */,
			);
			path = Controller;
			sourceTree = "<group>";
		};
		7EBD8CD91BC66EC9008F9B19 /* Frameworks */ = {
			isa = PBXGroup;
			children = (
				7E9621831BC76A1E0093C586 /* NetworkExtension.framework */,
			);
			name = Frameworks;
			sourceTree = "<group>";
		};
		7EBD8CE11BC6CFE0008F9B19 /* Uitl */ = {
			isa = PBXGroup;
			children = (
				7EBD8CE21BC6CFFB008F9B19 /* GMKeyChain.h */,
				7EBD8CE31BC6CFFB008F9B19 /* GMKeyChain.m */,
			);
			path = Uitl;
			sourceTree = "<group>";
		};
/* End PBXGroup section */

/* Begin PBXNativeTarget section */
		7E6FDD771BC79EA000E5B2A8 /* Tunnel */ = {
			isa = PBXNativeTarget;
			buildConfigurationList = 7E6FDD831BC79EA000E5B2A8 /* Build configuration list for PBXNativeTarget "Tunnel" */;
			buildPhases = (
				7E6FDD741BC79EA000E5B2A8 /* Sources */,
				7E6FDD751BC79EA000E5B2A8 /* Frameworks */,
				7E6FDD761BC79EA000E5B2A8 /* Resources */,
			);
			buildRules = (
			);
			dependencies = (
			);
			name = Tunnel;
			productName = Tunnel;
			productReference = 7E6FDD781BC79EA000E5B2A8 /* Tunnel.appex */;
			productType = "com.apple.product-type.app-extension";
		};
		7EBD8C831BC64DA0008F9B19 /* ExperimentVPN */ = {
			isa = PBXNativeTarget;
			buildConfigurationList = 7EBD8CB11BC64DA0008F9B19 /* Build configuration list for PBXNativeTarget "ExperimentVPN" */;
			buildPhases = (
				7EBD8C801BC64DA0008F9B19 /* Sources */,
				7EBD8C811BC64DA0008F9B19 /* Frameworks */,
				7EBD8C821BC64DA0008F9B19 /* Resources */,
				7E6FDD861BC79EA000E5B2A8 /* Embed App Extensions */,
			);
			buildRules = (
			);
			dependencies = (
				7E6FDD811BC79EA000E5B2A8 /* PBXTargetDependency */,
			);
			name = ExperimentVPN;
			productName = ExperimentVPN;
			productReference = 7EBD8C841BC64DA0008F9B19 /* ExperimentVPN.app */;
			productType = "com.apple.product-type.application";
		};
		7EBD8C9C1BC64DA0008F9B19 /* ExperimentVPNTests */ = {
			isa = PBXNativeTarget;
			buildConfigurationList = 7EBD8CB41BC64DA0008F9B19 /* Build configuration list for PBXNativeTarget "ExperimentVPNTests" */;
			buildPhases = (
				7EBD8C991BC64DA0008F9B19 /* Sources */,
				7EBD8C9A1BC64DA0008F9B19 /* Frameworks */,
				7EBD8C9B1BC64DA0008F9B19 /* Resources */,
			);
			buildRules = (
			);
			dependencies = (
				7EBD8C9F1BC64DA0008F9B19 /* PBXTargetDependency */,
			);
			name = ExperimentVPNTests;
			productName = ExperimentVPNTests;
			productReference = 7EBD8C9D1BC64DA0008F9B19 /* ExperimentVPNTests.xctest */;
			productType = "com.apple.product-type.bundle.unit-test";
		};
		7EBD8CA71BC64DA0008F9B19 /* ExperimentVPNUITests */ = {
			isa = PBXNativeTarget;
			buildConfigurationList = 7EBD8CB71BC64DA0008F9B19 /* Build configuration list for PBXNativeTarget "ExperimentVPNUITests" */;
			buildPhases = (
				7EBD8CA41BC64DA0008F9B19 /* Sources */,
				7EBD8CA51BC64DA0008F9B19 /* Frameworks */,
				7EBD8CA61BC64DA0008F9B19 /* Resources */,
			);
			buildRules = (
			);
			dependencies = (
				7EBD8CAA1BC64DA0008F9B19 /* PBXTargetDependency */,
			);
			name = ExperimentVPNUITests;
			productName = ExperimentVPNUITests;
			productReference = 7EBD8CA81BC64DA0008F9B19 /* ExperimentVPNUITests.xctest */;
			productType = "com.apple.product-type.bundle.ui-testing";
		};
/* End PBXNativeTarget section */

/* Begin PBXProject section */
		7EBD8C7C1BC64DA0008F9B19 /* Project object */ = {
			isa = PBXProject;
			attributes = {
				LastUpgradeCheck = 0700;
				ORGANIZATIONNAME = lidahe;
				TargetAttributes = {
					7E6FDD771BC79EA000E5B2A8 = {
						CreatedOnToolsVersion = 7.0.1;
						DevelopmentTeam = 4447664JF7;
					};
					7EBD8C831BC64DA0008F9B19 = {
						CreatedOnToolsVersion = 7.0.1;
						DevelopmentTeam = 4447664JF7;
						SystemCapabilities = {
							com.apple.VPNLite = {
								enabled = 1;
							};
						};
					};
					7EBD8C9C1BC64DA0008F9B19 = {
						CreatedOnToolsVersion = 7.0.1;
						TestTargetID = 7EBD8C831BC64DA0008F9B19;
					};
					7EBD8CA71BC64DA0008F9B19 = {
						CreatedOnToolsVersion = 7.0.1;
						TestTargetID = 7EBD8C831BC64DA0008F9B19;
					};
				};
			};
			buildConfigurationList = 7EBD8C7F1BC64DA0008F9B19 /* Build configuration list for PBXProject "ExperimentVPN" */;
			compatibilityVersion = "Xcode 3.2";
			developmentRegion = English;
			hasScannedForEncodings = 0;
			knownRegions = (
				en,
				Base,
			);
			mainGroup = 7EBD8C7B1BC64DA0008F9B19;
			productRefGroup = 7EBD8C851BC64DA0008F9B19 /* Products */;
			projectDirPath = "";
			projectRoot = "";
			targets = (
				7EBD8C831BC64DA0008F9B19 /* ExperimentVPN */,
				7EBD8C9C1BC64DA0008F9B19 /* ExperimentVPNTests */,
				7EBD8CA71BC64DA0008F9B19 /* ExperimentVPNUITests */,
				7E6FDD771BC79EA000E5B2A8 /* Tunnel */,
			);
		};
/* End PBXProject section */

/* Begin PBXResourcesBuildPhase section */
		7E6FDD761BC79EA000E5B2A8 /* Resources */ = {
			isa = PBXResourcesBuildPhase;
			buildActionMask = 2147483647;
			files = (
			);
			runOnlyForDeploymentPostprocessing = 0;
		};
		7EBD8C821BC64DA0008F9B19 /* Resources */ = {
			isa = PBXResourcesBuildPhase;
			buildActionMask = 2147483647;
			files = (
				7EBD8C971BC64DA0008F9B19 /* LaunchScreen.storyboard in Resources */,
				7EBD8C941BC64DA0008F9B19 /* Assets.xcassets in Resources */,
				7EBD8C921BC64DA0008F9B19 /* Main.storyboard in Resources */,
			);
			runOnlyForDeploymentPostprocessing = 0;
		};
		7EBD8C9B1BC64DA0008F9B19 /* Resources */ = {
			isa = PBXResourcesBuildPhase;
			buildActionMask = 2147483647;
			files = (
			);
			runOnlyForDeploymentPostprocessing = 0;
		};
		7EBD8CA61BC64DA0008F9B19 /* Resources */ = {
			isa = PBXResourcesBuildPhase;
			buildActionMask = 2147483647;
			files = (
			);
			runOnlyForDeploymentPostprocessing = 0;
		};
/* End PBXResourcesBuildPhase section */

/* Begin PBXSourcesBuildPhase section */
		7E6FDD741BC79EA000E5B2A8 /* Sources */ = {
			isa = PBXSourcesBuildPhase;
			buildActionMask = 2147483647;
			files = (
				7E6FDD7E1BC79EA000E5B2A8 /* PacketTunnelProvider.m in Sources */,
			);
			runOnlyForDeploymentPostprocessing = 0;
		};
		7EBD8C801BC64DA0008F9B19 /* Sources */ = {
			isa = PBXSourcesBuildPhase;
			buildActionMask = 2147483647;
			files = (
				7EBD8CDC1BC6CDD1008F9B19 /* AddEditConfiguration.m in Sources */,
				7EBD8C8F1BC64DA0008F9B19 /* ViewController.m in Sources */,
				7EBD8C8C1BC64DA0008F9B19 /* AppDelegate.m in Sources */,
				7EBD8CE41BC6CFFB008F9B19 /* GMKeyChain.m in Sources */,
				7EBD8C891BC64DA0008F9B19 /* main.m in Sources */,
			);
			runOnlyForDeploymentPostprocessing = 0;
		};
		7EBD8C991BC64DA0008F9B19 /* Sources */ = {
			isa = PBXSourcesBuildPhase;
			buildActionMask = 2147483647;
			files = (
				7EBD8CA21BC64DA0008F9B19 /* ExperimentVPNTests.m in Sources */,
			);
			runOnlyForDeploymentPostprocessing = 0;
		};
		7EBD8CA41BC64DA0008F9B19 /* Sources */ = {
			isa = PBXSourcesBuildPhase;
			buildActionMask = 2147483647;
			files = (
				7EBD8CAD1BC64DA0008F9B19 /* ExperimentVPNUITests.m in Sources */,
			);
			runOnlyForDeploymentPostprocessing = 0;
		};
/* End PBXSourcesBuildPhase section */

/* Begin PBXTargetDependency section */
		7E6FDD811BC79EA000E5B2A8 /* PBXTargetDependency */ = {
			isa = PBXTargetDependency;
			target = 7E6FDD771BC79EA000E5B2A8 /* Tunnel */;
			targetProxy = 7E6FDD801BC79EA000E5B2A8 /* PBXContainerItemProxy */;
		};
		7EBD8C9F1BC64DA0008F9B19 /* PBXTargetDependency */ = {
			isa = PBXTargetDependency;
			target = 7EBD8C831BC64DA0008F9B19 /* ExperimentVPN */;
			targetProxy = 7EBD8C9E1BC64DA0008F9B19 /* PBXContainerItemProxy */;
		};
		7EBD8CAA1BC64DA0008F9B19 /* PBXTargetDependency */ = {
			isa = PBXTargetDependency;
			target = 7EBD8C831BC64DA0008F9B19 /* ExperimentVPN */;
			targetProxy = 7EBD8CA91BC64DA0008F9B19 /* PBXContainerItemProxy */;
		};
/* End PBXTargetDependency section */

/* Begin PBXVariantGroup section */
		7EBD8C901BC64DA0008F9B19 /* Main.storyboard */ = {
			isa = PBXVariantGroup;
			children = (
				7EBD8C911BC64DA0008F9B19 /* Base */,
			);
			name = Main.storyboard;
			path = ..;
			sourceTree = "<group>";
		};
		7EBD8C951BC64DA0008F9B19 /* LaunchScreen.storyboard */ = {
			isa = PBXVariantGroup;
			children = (
				7EBD8C961BC64DA0008F9B19 /* Base */,
			);
			name = LaunchScreen.storyboard;
			path = ..;
			sourceTree = "<group>";
		};
/* End PBXVariantGroup section */

/* Begin XCBuildConfiguration section */
		7E6FDD841BC79EA000E5B2A8 /* Debug */ = {
			isa = XCBuildConfiguration;
			buildSettings = {
				CODE_SIGN_ENTITLEMENTS = Tunnel/Tunnel.entitlements;
				CODE_SIGN_IDENTITY = "iPhone Developer";
				"CODE_SIGN_IDENTITY[sdk=iphoneos*]" = "iPhone Developer";
				INFOPLIST_FILE = Tunnel/Info.plist;
				LD_RUNPATH_SEARCH_PATHS = "$(inherited) @executable_path/Frameworks @executable_path/../../Frameworks";
				PRODUCT_BUNDLE_IDENTIFIER = com.lidahe.ExperimentVPN.Tunnel;
				PRODUCT_NAME = "$(TARGET_NAME)";
				SKIP_INSTALL = YES;
			};
			name = Debug;
		};
		7E6FDD851BC79EA000E5B2A8 /* Release */ = {
			isa = XCBuildConfiguration;
			buildSettings = {
				CODE_SIGN_ENTITLEMENTS = Tunnel/Tunnel.entitlements;
				CODE_SIGN_IDENTITY = "iPhone Developer";
				"CODE_SIGN_IDENTITY[sdk=iphoneos*]" = "iPhone Developer";
				INFOPLIST_FILE = Tunnel/Info.plist;
				LD_RUNPATH_SEARCH_PATHS = "$(inherited) @executable_path/Frameworks @executable_path/../../Frameworks";
				PRODUCT_BUNDLE_IDENTIFIER = com.lidahe.ExperimentVPN.Tunnel;
				PRODUCT_NAME = "$(TARGET_NAME)";
				SKIP_INSTALL = YES;
			};
			name = Release;
		};
		7EBD8CAF1BC64DA0008F9B19 /* Debug */ = {
			isa = XCBuildConfiguration;
			buildSettings = {
				ALWAYS_SEARCH_USER_PATHS = NO;
				CLANG_CXX_LANGUAGE_STANDARD = "gnu++0x";
				CLANG_CXX_LIBRARY = "libc++";
				CLANG_ENABLE_MODULES = YES;
				CLANG_ENABLE_OBJC_ARC = YES;
				CLANG_WARN_BOOL_CONVERSION = YES;
				CLANG_WARN_CONSTANT_CONVERSION = YES;
				CLANG_WARN_DIRECT_OBJC_ISA_USAGE = YES_ERROR;
				CLANG_WARN_EMPTY_BODY = YES;
				CLANG_WARN_ENUM_CONVERSION = YES;
				CLANG_WARN_INT_CONVERSION = YES;
				CLANG_WARN_OBJC_ROOT_CLASS = YES_ERROR;
				CLANG_WARN_UNREACHABLE_CODE = YES;
				CLANG_WARN__DUPLICATE_METHOD_MATCH = YES;
				"CODE_SIGN_IDENTITY[sdk=iphoneos*]" = "iPhone Developer";
				COPY_PHASE_STRIP = NO;
				DEBUG_INFORMATION_FORMAT = dwarf;
				ENABLE_STRICT_OBJC_MSGSEND = YES;
				ENABLE_TESTABILITY = YES;
				GCC_C_LANGUAGE_STANDARD = gnu99;
				GCC_DYNAMIC_NO_PIC = NO;
				GCC_NO_COMMON_BLOCKS = YES;
				GCC_OPTIMIZATION_LEVEL = 0;
				GCC_PREPROCESSOR_DEFINITIONS = (
					"DEBUG=1",
					"$(inherited)",
				);
				GCC_WARN_64_TO_32_BIT_CONVERSION = YES;
				GCC_WARN_ABOUT_RETURN_TYPE = YES_ERROR;
				GCC_WARN_UNDECLARED_SELECTOR = YES;
				GCC_WARN_UNINITIALIZED_AUTOS = YES_AGGRESSIVE;
				GCC_WARN_UNUSED_FUNCTION = YES;
				GCC_WARN_UNUSED_VARIABLE = YES;
				IPHONEOS_DEPLOYMENT_TARGET = 9.0;
				MTL_ENABLE_DEBUG_INFO = YES;
				ONLY_ACTIVE_ARCH = YES;
				SDKROOT = iphoneos;
				TARGETED_DEVICE_FAMILY = "1,2";
			};
			name = Debug;
		};
		7EBD8CB01BC64DA0008F9B19 /* Release */ = {
			isa = XCBuildConfiguration;
			buildSettings = {
				ALWAYS_SEARCH_USER_PATHS = NO;
				CLANG_CXX_LANGUAGE_STANDARD = "gnu++0x";
				CLANG_CXX_LIBRARY = "libc++";
				CLANG_ENABLE_MODULES = YES;
				CLANG_ENABLE_OBJC_ARC = YES;
				CLANG_WARN_BOOL_CONVERSION = YES;
				CLANG_WARN_CONSTANT_CONVERSION = YES;
				CLANG_WARN_DIRECT_OBJC_ISA_USAGE = YES_ERROR;
				CLANG_WARN_EMPTY_BODY = YES;
				CLANG_WARN_ENUM_CONVERSION = YES;
				CLANG_WARN_INT_CONVERSION = YES;
				CLANG_WARN_OBJC_ROOT_CLASS = YES_ERROR;
				CLANG_WARN_UNREACHABLE_CODE = YES;
				CLANG_WARN__DUPLICATE_METHOD_MATCH = YES;
				"CODE_SIGN_IDENTITY[sdk=iphoneos*]" = "iPhone Developer";
				COPY_PHASE_STRIP = NO;
				DEBUG_INFORMATION_FORMAT = "dwarf-with-dsym";
				ENABLE_NS_ASSERTIONS = NO;
				ENABLE_STRICT_OBJC_MSGSEND = YES;
				GCC_C_LANGUAGE_STANDARD = gnu99;
				GCC_NO_COMMON_BLOCKS = YES;
				GCC_WARN_64_TO_32_BIT_CONVERSION = YES;
				GCC_WARN_ABOUT_RETURN_TYPE = YES_ERROR;
				GCC_WARN_UNDECLARED_SELECTOR = YES;
				GCC_WARN_UNINITIALIZED_AUTOS = YES_AGGRESSIVE;
				GCC_WARN_UNUSED_FUNCTION = YES;
				GCC_WARN_UNUSED_VARIABLE = YES;
				IPHONEOS_DEPLOYMENT_TARGET = 9.0;
				MTL_ENABLE_DEBUG_INFO = NO;
				SDKROOT = iphoneos;
				TARGETED_DEVICE_FAMILY = "1,2";
				VALIDATE_PRODUCT = YES;
			};
			name = Release;
		};
		7EBD8CB21BC64DA0008F9B19 /* Debug */ = {
			isa = XCBuildConfiguration;
			buildSettings = {
				ASSETCATALOG_COMPILER_APPICON_NAME = AppIcon;
				CODE_SIGN_ENTITLEMENTS = ExperimentVPN/ExperimentVPN.entitlements;
				CODE_SIGN_IDENTITY = "iPhone Developer";
				"CODE_SIGN_IDENTITY[sdk=iphoneos*]" = "iPhone Developer";
				INFOPLIST_FILE = ExperimentVPN/Info.plist;
				IPHONEOS_DEPLOYMENT_TARGET = 9.0;
				LD_RUNPATH_SEARCH_PATHS = "$(inherited) @executable_path/Frameworks";
				PRODUCT_BUNDLE_IDENTIFIER = com.lidahe.ExperimentVPN;
				PRODUCT_NAME = "$(TARGET_NAME)";
				PROVISIONING_PROFILE = "";
			};
			name = Debug;
		};
		7EBD8CB31BC64DA0008F9B19 /* Release */ = {
			isa = XCBuildConfiguration;
			buildSettings = {
				ASSETCATALOG_COMPILER_APPICON_NAME = AppIcon;
				CODE_SIGN_ENTITLEMENTS = ExperimentVPN/ExperimentVPN.entitlements;
				CODE_SIGN_IDENTITY = "iPhone Developer";
				"CODE_SIGN_IDENTITY[sdk=iphoneos*]" = "iPhone Developer";
				INFOPLIST_FILE = ExperimentVPN/Info.plist;
				IPHONEOS_DEPLOYMENT_TARGET = 9.0;
				LD_RUNPATH_SEARCH_PATHS = "$(inherited) @executable_path/Frameworks";
				PRODUCT_BUNDLE_IDENTIFIER = com.lidahe.ExperimentVPN;
				PRODUCT_NAME = "$(TARGET_NAME)";
				PROVISIONING_PROFILE = "";
			};
			name = Release;
		};
		7EBD8CB51BC64DA0008F9B19 /* Debug */ = {
			isa = XCBuildConfiguration;
			buildSettings = {
				BUNDLE_LOADER = "$(TEST_HOST)";
				INFOPLIST_FILE = ExperimentVPNTests/Info.plist;
				LD_RUNPATH_SEARCH_PATHS = "$(inherited) @executable_path/Frameworks @loader_path/Frameworks";
				PRODUCT_BUNDLE_IDENTIFIER = com.lidahe.ExperimentVPNTests;
				PRODUCT_NAME = "$(TARGET_NAME)";
				TEST_HOST = "$(BUILT_PRODUCTS_DIR)/ExperimentVPN.app/ExperimentVPN";
			};
			name = Debug;
		};
		7EBD8CB61BC64DA0008F9B19 /* Release */ = {
			isa = XCBuildConfiguration;
			buildSettings = {
				BUNDLE_LOADER = "$(TEST_HOST)";
				INFOPLIST_FILE = ExperimentVPNTests/Info.plist;
				LD_RUNPATH_SEARCH_PATHS = "$(inherited) @executable_path/Frameworks @loader_path/Frameworks";
				PRODUCT_BUNDLE_IDENTIFIER = com.lidahe.ExperimentVPNTests;
				PRODUCT_NAME = "$(TARGET_NAME)";
				TEST_HOST = "$(BUILT_PRODUCTS_DIR)/ExperimentVPN.app/ExperimentVPN";
			};
			name = Release;
		};
		7EBD8CB81BC64DA0008F9B19 /* Debug */ = {
			isa = XCBuildConfiguration;
			buildSettings = {
				INFOPLIST_FILE = ExperimentVPNUITests/Info.plist;
				LD_RUNPATH_SEARCH_PATHS = "$(inherited) @executable_path/Frameworks @loader_path/Frameworks";
				PRODUCT_BUNDLE_IDENTIFIER = com.lidahe.ExperimentVPNUITests;
				PRODUCT_NAME = "$(TARGET_NAME)";
				TEST_TARGET_NAME = ExperimentVPN;
				USES_XCTRUNNER = YES;
			};
			name = Debug;
		};
		7EBD8CB91BC64DA0008F9B19 /* Release */ = {
			isa = XCBuildConfiguration;
			buildSettings = {
				INFOPLIST_FILE = ExperimentVPNUITests/Info.plist;
				LD_RUNPATH_SEARCH_PATHS = "$(inherited) @executable_path/Frameworks @loader_path/Frameworks";
				PRODUCT_BUNDLE_IDENTIFIER = com.lidahe.ExperimentVPNUITests;
				PRODUCT_NAME = "$(TARGET_NAME)";
				TEST_TARGET_NAME = ExperimentVPN;
				USES_XCTRUNNER = YES;
			};
			name = Release;
		};
/* End XCBuildConfiguration section */

/* Begin XCConfigurationList section */
		7E6FDD831BC79EA000E5B2A8 /* Build configuration list for PBXNativeTarget "Tunnel" */ = {
			isa = XCConfigurationList;
			buildConfigurations = (
				7E6FDD841BC79EA000E5B2A8 /* Debug */,
				7E6FDD851BC79EA000E5B2A8 /* Release */,
			);
			defaultConfigurationIsVisible = 0;
			defaultConfigurationName = Release;
		};
		7EBD8C7F1BC64DA0008F9B19 /* Build configuration list for PBXProject "ExperimentVPN" */ = {
			isa = XCConfigurationList;
			buildConfigurations = (
				7EBD8CAF1BC64DA0008F9B19 /* Debug */,
				7EBD8CB01BC64DA0008F9B19 /* Release */,
			);
			defaultConfigurationIsVisible = 0;
			defaultConfigurationName = Release;
		};
		7EBD8CB11BC64DA0008F9B19 /* Build configuration list for PBXNativeTarget "ExperimentVPN" */ = {
			isa = XCConfigurationList;
			buildConfigurations = (
				7EBD8CB21BC64DA0008F9B19 /* Debug */,
				7EBD8CB31BC64DA0008F9B19 /* Release */,
			);
			defaultConfigurationIsVisible = 0;
			defaultConfigurationName = Release;
		};
		7EBD8CB41BC64DA0008F9B19 /* Build configuration list for PBXNativeTarget "ExperimentVPNTests" */ = {
			isa = XCConfigurationList;
			buildConfigurations = (
				7EBD8CB51BC64DA0008F9B19 /* Debug */,
				7EBD8CB61BC64DA0008F9B19 /* Release */,
			);
			defaultConfigurationIsVisible = 0;
			defaultConfigurationName = Release;
		};
		7EBD8CB71BC64DA0008F9B19 /* Build configuration list for PBXNativeTarget "ExperimentVPNUITests" */ = {
			isa = XCConfigurationList;
			buildConfigurations = (
				7EBD8CB81BC64DA0008F9B19 /* Debug */,
				7EBD8CB91BC64DA0008F9B19 /* Release */,
			);
			defaultConfigurationIsVisible = 0;
			defaultConfigurationName = Release;
		};
/* End XCConfigurationList section */
	};
	rootObject = 7EBD8C7C1BC64DA0008F9B19 /* Project object */;
}
